
Microsoft Visual Studio Solution File, Format Version 12.00
# Visual Studio Version 17
VisualStudioVersion = 17.11.35312.102
MinimumVisualStudioVersion = 10.0.40219.1
Project("{FAE04EC0-301F-11D3-BF4B-00C04F79EFBC}") = "MVVMPexeso", "MVVMPexeso\MVVMPexeso.csproj", "{541FA089-9A5B-4C0B-9028-1029ED397B01}"
EndProject
Global
	GlobalSection(SolutionConfigurationPlatforms) = preSolution
		Debug|Any CPU = Debug|Any CPU
		Release|Any CPU = Release|Any CPU
	EndGlobalSection
	GlobalSection(ProjectConfigurationPlatforms) = postSolution
		{541FA089-9A5B-4C0B-9028-1029ED397B01}.Debug|Any CPU.ActiveCfg = Debug|Any CPU
		{541FA089-9A5B-4C0B-9028-1029ED397B01}.Debug|Any CPU.Build.0 = Debug|Any CPU
		{541FA089-9A5B-4C0B-9028-1029ED397B01}.Release|Any CPU.ActiveCfg = Release|Any CPU
		{541FA089-9A5B-4C0B-9028-1029ED397B01}.Release|Any CPU.Build.0 = Release|Any CPU
	EndGlobalSection
	GlobalSection(SolutionProperties) = preSolution
		HideSolutionNode = FALSE
	EndGlobalSection
	GlobalSection(ExtensibilityGlobals) = postSolution
		SolutionGuid = {4FD75EF5-FCEC-4AB1-970A-1C8C12B258B6}
	EndGlobalSection
EndGlobal
