
Microsoft Visual Studio Solution File, Format Version 12.00
# Visual Studio Version 17
VisualStudioVersion = 17.14.36203.30 d17.14
MinimumVisualStudioVersion = 10.0.40219.1
Project("{FAE04EC0-301F-11D3-BF4B-00C04F79EFBC}") = "WPFUvodniHodina", "WPFUvodniHodina\WPFUvodniHodina.csproj", "{1AB4B99C-4519-4192-9A36-DC4CAD045DF6}"
EndProject
Global
	GlobalSection(SolutionConfigurationPlatforms) = preSolution
		Debug|Any CPU = Debug|Any CPU
		Release|Any CPU = Release|Any CPU
	EndGlobalSection
	GlobalSection(ProjectConfigurationPlatforms) = postSolution
		{1AB4B99C-4519-4192-9A36-DC4CAD045DF6}.Debug|Any CPU.ActiveCfg = Debug|Any CPU
		{1AB4B99C-4519-4192-9A36-DC4CAD045DF6}.Debug|Any CPU.Build.0 = Debug|Any CPU
		{1AB4B99C-4519-4192-9A36-DC4CAD045DF6}.Release|Any CPU.ActiveCfg = Release|Any CPU
		{1AB4B99C-4519-4192-9A36-DC4CAD045DF6}.Release|Any CPU.Build.0 = Release|Any CPU
	EndGlobalSection
	GlobalSection(SolutionProperties) = preSolution
		HideSolutionNode = FALSE
	EndGlobalSection
	GlobalSection(ExtensibilityGlobals) = postSolution
		SolutionGuid = {8790C47C-AF03-47D6-A902-CAB02FC16AD9}
	EndGlobalSection
EndGlobal
