
Microsoft Visual Studio Solution File, Format Version 12.00
# Visual Studio Version 17
VisualStudioVersion = 17.11.35312.102
MinimumVisualStudioVersion = 10.0.40219.1
Project("{FAE04EC0-301F-11D3-BF4B-00C04F79EFBC}") = "Malovani", "Malovani\Malovani.csproj", "{38E113B7-3CB1-4D68-83B2-EE082B880B2B}"
EndProject
Global
	GlobalSection(SolutionConfigurationPlatforms) = preSolution
		Debug|Any CPU = Debug|Any CPU
		Release|Any CPU = Release|Any CPU
	EndGlobalSection
	GlobalSection(ProjectConfigurationPlatforms) = postSolution
		{38E113B7-3CB1-4D68-83B2-EE082B880B2B}.Debug|Any CPU.ActiveCfg = Debug|Any CPU
		{38E113B7-3CB1-4D68-83B2-EE082B880B2B}.Debug|Any CPU.Build.0 = Debug|Any CPU
		{38E113B7-3CB1-4D68-83B2-EE082B880B2B}.Release|Any CPU.ActiveCfg = Release|Any CPU
		{38E113B7-3CB1-4D68-83B2-EE082B880B2B}.Release|Any CPU.Build.0 = Release|Any CPU
	EndGlobalSection
	GlobalSection(SolutionProperties) = preSolution
		HideSolutionNode = FALSE
	EndGlobalSection
	GlobalSection(ExtensibilityGlobals) = postSolution
		SolutionGuid = {2AB999C5-C91B-4CE5-9BB6-5DA02E186192}
	EndGlobalSection
EndGlobal
