
Microsoft Visual Studio Solution File, Format Version 12.00
# Visual Studio Version 17
VisualStudioVersion = 17.14.36915.13 d17.14
MinimumVisualStudioVersion = 10.0.40219.1
Project("{FAE04EC0-301F-11D3-BF4B-00C04F79EFBC}") = "Loydova15", "Loydova15\Loydova15.csproj", "{D3BB5196-833C-45ED-8FA2-4944CC9C2E82}"
EndProject
Global
	GlobalSection(SolutionConfigurationPlatforms) = preSolution
		Debug|Any CPU = Debug|Any CPU
		Release|Any CPU = Release|Any CPU
	EndGlobalSection
	GlobalSection(ProjectConfigurationPlatforms) = postSolution
		{D3BB5196-833C-45ED-8FA2-4944CC9C2E82}.Debug|Any CPU.ActiveCfg = Debug|Any CPU
		{D3BB5196-833C-45ED-8FA2-4944CC9C2E82}.Debug|Any CPU.Build.0 = Debug|Any CPU
		{D3BB5196-833C-45ED-8FA2-4944CC9C2E82}.Release|Any CPU.ActiveCfg = Release|Any CPU
		{D3BB5196-833C-45ED-8FA2-4944CC9C2E82}.Release|Any CPU.Build.0 = Release|Any CPU
	EndGlobalSection
	GlobalSection(SolutionProperties) = preSolution
		HideSolutionNode = FALSE
	EndGlobalSection
	GlobalSection(ExtensibilityGlobals) = postSolution
		SolutionGuid = {94472297-9AC0-43EA-926F-147B9DF9879F}
	EndGlobalSection
EndGlobal
